
Microsoft Visual Studio Solution File, Format Version 12.00
# Visual Studio Version 16
VisualStudioVersion = 25.0.1706.14
MinimumVisualStudioVersion = 10.0.40219.1
Project("{FAE04EC0-301F-11D3-BF4B-00C04F79EFBC}") = "Fall2024-Assignment2-cbprice", "Fall2024-Assignment2-cbprice\Fall2024-Assignment2-cbprice.csproj", "{78A98C59-634F-4B8C-9DB5-7BCFD2ACA85D}"
EndProject
Global
	GlobalSection(SolutionConfigurationPlatforms) = preSolution
		Debug|Any CPU = Debug|Any CPU
		Release|Any CPU = Release|Any CPU
	EndGlobalSection
	GlobalSection(ProjectConfigurationPlatforms) = postSolution
		{78A98C59-634F-4B8C-9DB5-7BCFD2ACA85D}.Debug|Any CPU.ActiveCfg = Debug|Any CPU
		{78A98C59-634F-4B8C-9DB5-7BCFD2ACA85D}.Debug|Any CPU.Build.0 = Debug|Any CPU
		{78A98C59-634F-4B8C-9DB5-7BCFD2ACA85D}.Release|Any CPU.ActiveCfg = Release|Any CPU
		{78A98C59-634F-4B8C-9DB5-7BCFD2ACA85D}.Release|Any CPU.Build.0 = Release|Any CPU
	EndGlobalSection
	GlobalSection(SolutionProperties) = preSolution
		HideSolutionNode = FALSE
	EndGlobalSection
	GlobalSection(ExtensibilityGlobals) = postSolution
		SolutionGuid = {74C26A6B-EF12-486D-9348-9AC71AEC8DBD}
	EndGlobalSection
EndGlobal
